
Microsoft Visual Studio Solution File, Format Version 12.00
# Visual Studio 15
VisualStudioVersion = 15.0.28307.271
MinimumVisualStudioVersion = 10.0.40219.1
Project("{FAE04EC0-301F-11D3-BF4B-00C04F79EFBC}") = "MapToolMVC", "MapToolMVC\MapToolMVC.csproj", "{EA4672B8-6B3C-47EE-993C-969E4AE2CAFD}"
EndProject
Global
	GlobalSection(SolutionConfigurationPlatforms) = preSolution
		Debug|Any CPU = Debug|Any CPU
		Release|Any CPU = Release|Any CPU
	EndGlobalSection
	GlobalSection(ProjectConfigurationPlatforms) = postSolution
		{EA4672B8-6B3C-47EE-993C-969E4AE2CAFD}.Debug|Any CPU.ActiveCfg = Debug|Any CPU
		{EA4672B8-6B3C-47EE-993C-969E4AE2CAFD}.Debug|Any CPU.Build.0 = Debug|Any CPU
		{EA4672B8-6B3C-47EE-993C-969E4AE2CAFD}.Release|Any CPU.ActiveCfg = Release|Any CPU
		{EA4672B8-6B3C-47EE-993C-969E4AE2CAFD}.Release|Any CPU.Build.0 = Release|Any CPU
	EndGlobalSection
	GlobalSection(SolutionProperties) = preSolution
		HideSolutionNode = FALSE
	EndGlobalSection
	GlobalSection(ExtensibilityGlobals) = postSolution
		SolutionGuid = {253BD594-70DC-4EE0-BEA4-FB3F45FF4093}
	EndGlobalSection
EndGlobal
